# Generated by buf. DO NOT EDIT.
version: v1
deps:
  - remote: buf.build
    owner: googleapis
    repository: googleapis
    branch: main
    commit: f3590c56d388417ebbedefae77ac12bf
    digest: b1-nbZ1ZLsYdwXyEysqVWKYATvTXYr_alNRBebrjXpIv6k=
    create_time: 2022-04-23T15:03:48.462865Z
  - remote: buf.build
    owner: grpc-ecosystem
    repository: grpc-gateway
    branch: main
    commit: febd9e8be39b4f4b878b9c64bcc203fd
    digest: b1-K5jSHBrJ24jZXRgQgkmphZuP-cAL2b90ssKrgvDK2hU=
    create_time: 2022-04-17T01:28:07.574665Z
